# This file is automatically @generated by Cargo.
# It is not intended for manual editing.
version = 4

[[package]]
name = "gateway-lease-fence-recipe"
version = "0.1.0"
dependencies = [
 "sts2-gateway",
]

[[package]]
name = "sts2-gateway"
version = "0.0.0"
source = "git+https://github.com/AI-Ascension/sts2-gateway?rev=e7bce21d0cbd48a02c25d6463a3376ea1c94e253#e7bce21d0cbd48a02c25d6463a3376ea1c94e253"
