# This file is automatically @generated by Cargo.
# It is not intended for manual editing.
version = 4

[[package]]
name = "mcp-seam-recipe"
version = "0.1.0"
dependencies = [
 "sts2-mcp-server",
]

[[package]]
name = "sts2-mcp-server"
version = "0.0.0"
source = "git+https://github.com/AI-Ascension/sts2-mcp-server?rev=5faed9761866f89b922f01d3d389f3db55b9cf5e#5faed9761866f89b922f01d3d389f3db55b9cf5e"
